// !$*UTF8*$!
{
	archiveVersion = 1;
	classes = {
	};
	objectVersion = 50;
	objects = {

/* Begin PBXBuildFile section */
		963953DD2259758F00EFF12C /* AppDelegate.swift in Sources */ = {isa = PBXBuildFile; fileRef = 963953DC2259758F00EFF12C /* AppDelegate.swift */; };
		963953DF2259758F00EFF12C /* ViewController.swift in Sources */ = {isa = PBXBuildFile; fileRef = 963953DE2259758F00EFF12C /* ViewController.swift */; };
		963953E22259758F00EFF12C /* Main.storyboard in Resources */ = {isa = PBXBuildFile; fileRef = 963953E02259758F00EFF12C /* Main.storyboard */; };
		963953E52259758F00EFF12C /* ara2798_assignment7.xcdatamodeld in Sources */ = {isa = PBXBuildFile; fileRef = 963953E32259758F00EFF12C /* ara2798_assignment7.xcdatamodeld */; };
		963953E72259759000EFF12C /* Assets.xcassets in Resources */ = {isa = PBXBuildFile; fileRef = 963953E62259759000EFF12C /* Assets.xcassets */; };
		963953EA2259759000EFF12C /* LaunchScreen.storyboard in Resources */ = {isa = PBXBuildFile; fileRef = 963953E82259759000EFF12C /* LaunchScreen.storyboard */; };
		963953F22259851A00EFF12C /* WeatherData.swift in Sources */ = {isa = PBXBuildFile; fileRef = 963953F12259851A00EFF12C /* WeatherData.swift */; };
		96EEF532225AE14C00B83E18 /* WeatherImageView.swift in Sources */ = {isa = PBXBuildFile; fileRef = 96EEF531225AE14C00B83E18 /* WeatherImageView.swift */; };
/* End PBXBuildFile section */

/* Begin PBXFileReference section */
		963953D92259758F00EFF12C /* ara2798_assignment7.app */ = {isa = PBXFileReference; explicitFileType = wrapper.application; includeInIndex = 0; path = ara2798_assignment7.app; sourceTree = BUILT_PRODUCTS_DIR; };
		963953DC2259758F00EFF12C /* AppDelegate.swift */ = {isa = PBXFileReference; lastKnownFileType = sourcecode.swift; path = AppDelegate.swift; sourceTree = "<group>"; };
		963953DE2259758F00EFF12C /* ViewController.swift */ = {isa = PBXFileReference; lastKnownFileType = sourcecode.swift; path = ViewController.swift; sourceTree = "<group>"; };
		963953E12259758F00EFF12C /* Base */ = {isa = PBXFileReference; lastKnownFileType = file.storyboard; name = Base; path = Base.lproj/Main.storyboard; sourceTree = "<group>"; };
		963953E42259758F00EFF12C /* ara2798_assignment7.xcdatamodel */ = {isa = PBXFileReference; lastKnownFileType = wrapper.xcdatamodel; path = ara2798_assignment7.xcdatamodel; sourceTree = "<group>"; };
		963953E62259759000EFF12C /* Assets.xcassets */ = {isa = PBXFileReference; lastKnownFileType = folder.assetcatalog; path = Assets.xcassets; sourceTree = "<group>"; };
		963953E92259759000EFF12C /* Base */ = {isa = PBXFileReference; lastKnownFileType = file.storyboard; name = Base; path = Base.lproj/LaunchScreen.storyboard; sourceTree = "<group>"; };
		963953EB2259759000EFF12C /* Info.plist */ = {isa = PBXFileReference; lastKnownFileType = text.plist.xml; path = Info.plist; sourceTree = "<group>"; };
		963953F12259851A00EFF12C /* WeatherData.swift */ = {isa = PBXFileReference; lastKnownFileType = sourcecode.swift; path = WeatherData.swift; sourceTree = "<group>"; };
		96EEF531225AE14C00B83E18 /* WeatherImageView.swift */ = {isa = PBXFileReference; lastKnownFileType = sourcecode.swift; path = WeatherImageView.swift; sourceTree = "<group>"; };
/* End PBXFileReference section */

/* Begin PBXFrameworksBuildPhase section */
		963953D62259758F00EFF12C /* Frameworks */ = {
			isa = PBXFrameworksBuildPhase;
			buildActionMask = 2147483647;
			files = (
			);
			runOnlyForDeploymentPostprocessing = 0;
		};
/* End PBXFrameworksBuildPhase section */

/* Begin PBXGroup section */
		963953D02259758F00EFF12C = {
			isa = PBXGroup;
			children = (
				963953DB2259758F00EFF12C /* ara2798_assignment7 */,
				963953DA2259758F00EFF12C /* Products */,
			);
			sourceTree = "<group>";
		};
		963953DA2259758F00EFF12C /* Products */ = {
			isa = PBXGroup;
			children = (
				963953D92259758F00EFF12C /* ara2798_assignment7.app */,
			);
			name = Products;
			sourceTree = "<group>";
		};
		963953DB2259758F00EFF12C /* ara2798_assignment7 */ = {
			isa = PBXGroup;
			children = (
				963953DC2259758F00EFF12C /* AppDelegate.swift */,
				963953DE2259758F00EFF12C /* ViewController.swift */,
				96EEF531225AE14C00B83E18 /* WeatherImageView.swift */,
				963953E02259758F00EFF12C /* Main.storyboard */,
				963953F12259851A00EFF12C /* WeatherData.swift */,
				963953E62259759000EFF12C /* Assets.xcassets */,
				963953E82259759000EFF12C /* LaunchScreen.storyboard */,
				963953EB2259759000EFF12C /* Info.plist */,
				963953E32259758F00EFF12C /* ara2798_assignment7.xcdatamodeld */,
			);
			path = ara2798_assignment7;
			sourceTree = "<group>";
		};
/* End PBXGroup section */

/* Begin PBXNativeTarget section */
		963953D82259758F00EFF12C /* ara2798_assignment7 */ = {
			isa = PBXNativeTarget;
			buildConfigurationList = 963953EE2259759000EFF12C /* Build configuration list for PBXNativeTarget "ara2798_assignment7" */;
			buildPhases = (
				963953D52259758F00EFF12C /* Sources */,
				963953D62259758F00EFF12C /* Frameworks */,
				963953D72259758F00EFF12C /* Resources */,
			);
			buildRules = (
			);
			dependencies = (
			);
			name = ara2798_assignment7;
			productName = ara2798_assignment7;
			productReference = 963953D92259758F00EFF12C /* ara2798_assignment7.app */;
			productType = "com.apple.product-type.application";
		};
/* End PBXNativeTarget section */

/* Begin PBXProject section */
		963953D12259758F00EFF12C /* Project object */ = {
			isa = PBXProject;
			attributes = {
				LastSwiftUpdateCheck = 0940;
				LastUpgradeCheck = 0940;
				ORGANIZATIONNAME = "Argandona Vite, Angel R";
				TargetAttributes = {
					963953D82259758F00EFF12C = {
						CreatedOnToolsVersion = 9.4;
					};
				};
			};
			buildConfigurationList = 963953D42259758F00EFF12C /* Build configuration list for PBXProject "ara2798_assignment7" */;
			compatibilityVersion = "Xcode 9.3";
			developmentRegion = en;
			hasScannedForEncodings = 0;
			knownRegions = (
				en,
				Base,
			);
			mainGroup = 963953D02259758F00EFF12C;
			productRefGroup = 963953DA2259758F00EFF12C /* Products */;
			projectDirPath = "";
			projectRoot = "";
			targets = (
				963953D82259758F00EFF12C /* ara2798_assignment7 */,
			);
		};
/* End PBXProject section */

/* Begin PBXResourcesBuildPhase section */
		963953D72259758F00EFF12C /* Resources */ = {
			isa = PBXResourcesBuildPhase;
			buildActionMask = 2147483647;
			files = (
				963953EA2259759000EFF12C /* LaunchScreen.storyboard in Resources */,
				963953E72259759000EFF12C /* Assets.xcassets in Resources */,
				963953E22259758F00EFF12C /* Main.storyboard in Resources */,
			);
			runOnlyForDeploymentPostprocessing = 0;
		};
/* End PBXResourcesBuildPhase section */

/* Begin PBXSourcesBuildPhase section */
		963953D52259758F00EFF12C /* Sources */ = {
			isa = PBXSourcesBuildPhase;
			buildActionMask = 2147483647;
			files = (
				963953E52259758F00EFF12C /* ara2798_assignment7.xcdatamodeld in Sources */,
				963953DF2259758F00EFF12C /* ViewController.swift in Sources */,
				963953F22259851A00EFF12C /* WeatherData.swift in Sources */,
				96EEF532225AE14C00B83E18 /* WeatherImageView.swift in Sources */,
				963953DD2259758F00EFF12C /* AppDelegate.swift in Sources */,
			);
			runOnlyForDeploymentPostprocessing = 0;
		};
/* End PBXSourcesBuildPhase section */

/* Begin PBXVariantGroup section */
		963953E02259758F00EFF12C /* Main.storyboard */ = {
			isa = PBXVariantGroup;
			children = (
				963953E12259758F00EFF12C /* Base */,
			);
			name = Main.storyboard;
			sourceTree = "<group>";
		};
		963953E82259759000EFF12C /* LaunchScreen.storyboard */ = {
			isa = PBXVariantGroup;
			children = (
				963953E92259759000EFF12C /* Base */,
			);
			name = LaunchScreen.storyboard;
			sourceTree = "<group>";
		};
/* End PBXVariantGroup section */

/* Begin XCBuildConfiguration section */
		963953EC2259759000EFF12C /* Debug */ = {
			isa = XCBuildConfiguration;
			buildSettings = {
				ALWAYS_SEARCH_USER_PATHS = NO;
				CLANG_ANALYZER_NONNULL = YES;
				CLANG_ANALYZER_NUMBER_OBJECT_CONVERSION = YES_AGGRESSIVE;
				CLANG_CXX_LANGUAGE_STANDARD = "gnu++14";
				CLANG_CXX_LIBRARY = "libc++";
				CLANG_ENABLE_MODULES = YES;
				CLANG_ENABLE_OBJC_ARC = YES;
				CLANG_ENABLE_OBJC_WEAK = YES;
				CLANG_WARN_BLOCK_CAPTURE_AUTORELEASING = YES;
				CLANG_WARN_BOOL_CONVERSION = YES;
				CLANG_WARN_COMMA = YES;
				CLANG_WARN_CONSTANT_CONVERSION = YES;
				CLANG_WARN_DEPRECATED_OBJC_IMPLEMENTATIONS = YES;
				CLANG_WARN_DIRECT_OBJC_ISA_USAGE = YES_ERROR;
				CLANG_WARN_DOCUMENTATION_COMMENTS = YES;
				CLANG_WARN_EMPTY_BODY = YES;
				CLANG_WARN_ENUM_CONVERSION = YES;
				CLANG_WARN_INFINITE_RECURSION = YES;
				CLANG_WARN_INT_CONVERSION = YES;
				CLANG_WARN_NON_LITERAL_NULL_CONVERSION = YES;
				CLANG_WARN_OBJC_IMPLICIT_RETAIN_SELF = YES;
				CLANG_WARN_OBJC_LITERAL_CONVERSION = YES;
				CLANG_WARN_OBJC_ROOT_CLASS = YES_ERROR;
				CLANG_WARN_RANGE_LOOP_ANALYSIS = YES;
				CLANG_WARN_STRICT_PROTOTYPES = YES;
				CLANG_WARN_SUSPICIOUS_MOVE = YES;
				CLANG_WARN_UNGUARDED_AVAILABILITY = YES_AGGRESSIVE;
				CLANG_WARN_UNREACHABLE_CODE = YES;
				CLANG_WARN__DUPLICATE_METHOD_MATCH = YES;
				CODE_SIGN_IDENTITY = "iPhone Developer";
				COPY_PHASE_STRIP = NO;
				DEBUG_INFORMATION_FORMAT = dwarf;
				ENABLE_STRICT_OBJC_MSGSEND = YES;
				ENABLE_TESTABILITY = YES;
				GCC_C_LANGUAGE_STANDARD = gnu11;
				GCC_DYNAMIC_NO_PIC = NO;
				GCC_NO_COMMON_BLOCKS = YES;
				GCC_OPTIMIZATION_LEVEL = 0;
				GCC_PREPROCESSOR_DEFINITIONS = (
					"DEBUG=1",
					"$(inherited)",
				);
				GCC_WARN_64_TO_32_BIT_CONVERSION = YES;
				GCC_WARN_ABOUT_RETURN_TYPE = YES_ERROR;
				GCC_WARN_UNDECLARED_SELECTOR = YES;
				GCC_WARN_UNINITIALIZED_AUTOS = YES_AGGRESSIVE;
				GCC_WARN_UNUSED_FUNCTION = YES;
				GCC_WARN_UNUSED_VARIABLE = YES;
				IPHONEOS_DEPLOYMENT_TARGET = 11.4;
				MTL_ENABLE_DEBUG_INFO = YES;
				ONLY_ACTIVE_ARCH = YES;
				SDKROOT = iphoneos;
				SWIFT_ACTIVE_COMPILATION_CONDITIONS = DEBUG;
				SWIFT_OPTIMIZATION_LEVEL = "-Onone";
			};
			name = Debug;
		};
		963953ED2259759000EFF12C /* Release */ = {
			isa = XCBuildConfiguration;
			buildSettings = {
				ALWAYS_SEARCH_USER_PATHS = NO;
				CLANG_ANALYZER_NONNULL = YES;
				CLANG_ANALYZER_NUMBER_OBJECT_CONVERSION = YES_AGGRESSIVE;
				CLANG_CXX_LANGUAGE_STANDARD = "gnu++14";
				CLANG_CXX_LIBRARY = "libc++";
				CLANG_ENABLE_MODULES = YES;
				CLANG_ENABLE_OBJC_ARC = YES;
				CLANG_ENABLE_OBJC_WEAK = YES;
				CLANG_WARN_BLOCK_CAPTURE_AUTORELEASING = YES;
				CLANG_WARN_BOOL_CONVERSION = YES;
				CLANG_WARN_COMMA = YES;
				CLANG_WARN_CONSTANT_CONVERSION = YES;
				CLANG_WARN_DEPRECATED_OBJC_IMPLEMENTATIONS = YES;
				CLANG_WARN_DIRECT_OBJC_ISA_USAGE = YES_ERROR;
				CLANG_WARN_DOCUMENTATION_COMMENTS = YES;
				CLANG_WARN_EMPTY_BODY = YES;
				CLANG_WARN_ENUM_CONVERSION = YES;
				CLANG_WARN_INFINITE_RECURSION = YES;
				CLANG_WARN_INT_CONVERSION = YES;
				CLANG_WARN_NON_LITERAL_NULL_CONVERSION = YES;
				CLANG_WARN_OBJC_IMPLICIT_RETAIN_SELF = YES;
				CLANG_WARN_OBJC_LITERAL_CONVERSION = YES;
				CLANG_WARN_OBJC_ROOT_CLASS = YES_ERROR;
				CLANG_WARN_RANGE_LOOP_ANALYSIS = YES;
				CLANG_WARN_STRICT_PROTOTYPES = YES;
				CLANG_WARN_SUSPICIOUS_MOVE = YES;
				CLANG_WARN_UNGUARDED_AVAILABILITY = YES_AGGRESSIVE;
				CLANG_WARN_UNREACHABLE_CODE = YES;
				CLANG_WARN__DUPLICATE_METHOD_MATCH = YES;
				CODE_SIGN_IDENTITY = "iPhone Developer";
				COPY_PHASE_STRIP = NO;
				DEBUG_INFORMATION_FORMAT = "dwarf-with-dsym";
				ENABLE_NS_ASSERTIONS = NO;
				ENABLE_STRICT_OBJC_MSGSEND = YES;
				GCC_C_LANGUAGE_STANDARD = gnu11;
				GCC_NO_COMMON_BLOCKS = YES;
				GCC_WARN_64_TO_32_BIT_CONVERSION = YES;
				GCC_WARN_ABOUT_RETURN_TYPE = YES_ERROR;
				GCC_WARN_UNDECLARED_SELECTOR = YES;
				GCC_WARN_UNINITIALIZED_AUTOS = YES_AGGRESSIVE;
				GCC_WARN_UNUSED_FUNCTION = YES;
				GCC_WARN_UNUSED_VARIABLE = YES;
				IPHONEOS_DEPLOYMENT_TARGET = 11.4;
				MTL_ENABLE_DEBUG_INFO = NO;
				SDKROOT = iphoneos;
				SWIFT_COMPILATION_MODE = wholemodule;
				SWIFT_OPTIMIZATION_LEVEL = "-O";
				VALIDATE_PRODUCT = YES;
			};
			name = Release;
		};
		963953EF2259759000EFF12C /* Debug */ = {
			isa = XCBuildConfiguration;
			buildSettings = {
				ASSETCATALOG_COMPILER_APPICON_NAME = AppIcon;
				CODE_SIGN_STYLE = Automatic;
				INFOPLIST_FILE = ara2798_assignment7/Info.plist;
				LD_RUNPATH_SEARCH_PATHS = (
					"$(inherited)",
					"@executable_path/Frameworks",
				);
				PRODUCT_BUNDLE_IDENTIFIER = "Angel-Argandona.ara2798-assignment7";
				PRODUCT_NAME = "$(TARGET_NAME)";
				SWIFT_VERSION = 4.0;
				TARGETED_DEVICE_FAMILY = "1,2";
			};
			name = Debug;
		};
		963953F02259759000EFF12C /* Release */ = {
			isa = XCBuildConfiguration;
			buildSettings = {
				ASSETCATALOG_COMPILER_APPICON_NAME = AppIcon;
				CODE_SIGN_STYLE = Automatic;
				INFOPLIST_FILE = ara2798_assignment7/Info.plist;
				LD_RUNPATH_SEARCH_PATHS = (
					"$(inherited)",
					"@executable_path/Frameworks",
				);
				PRODUCT_BUNDLE_IDENTIFIER = "Angel-Argandona.ara2798-assignment7";
				PRODUCT_NAME = "$(TARGET_NAME)";
				SWIFT_VERSION = 4.0;
				TARGETED_DEVICE_FAMILY = "1,2";
			};
			name = Release;
		};
/* End XCBuildConfiguration section */

/* Begin XCConfigurationList section */
		963953D42259758F00EFF12C /* Build configuration list for PBXProject "ara2798_assignment7" */ = {
			isa = XCConfigurationList;
			buildConfigurations = (
				963953EC2259759000EFF12C /* Debug */,
				963953ED2259759000EFF12C /* Release */,
			);
			defaultConfigurationIsVisible = 0;
			defaultConfigurationName = Release;
		};
		963953EE2259759000EFF12C /* Build configuration list for PBXNativeTarget "ara2798_assignment7" */ = {
			isa = XCConfigurationList;
			buildConfigurations = (
				963953EF2259759000EFF12C /* Debug */,
				963953F02259759000EFF12C /* Release */,
			);
			defaultConfigurationIsVisible = 0;
			defaultConfigurationName = Release;
		};
/* End XCConfigurationList section */

/* Begin XCVersionGroup section */
		963953E32259758F00EFF12C /* ara2798_assignment7.xcdatamodeld */ = {
			isa = XCVersionGroup;
			children = (
				963953E42259758F00EFF12C /* ara2798_assignment7.xcdatamodel */,
			);
			currentVersion = 963953E42259758F00EFF12C /* ara2798_assignment7.xcdatamodel */;
			path = ara2798_assignment7.xcdatamodeld;
			sourceTree = "<group>";
			versionGroupType = wrapper.xcdatamodel;
		};
/* End XCVersionGroup section */
	};
	rootObject = 963953D12259758F00EFF12C /* Project object */;
}
